
Microsoft Visual Studio Solution File, Format Version 12.00
# Visual Studio Version 16
VisualStudioVersion = 16.0.30523.141
MinimumVisualStudioVersion = 10.0.40219.1
Project("{FAE04EC0-301F-11D3-BF4B-00C04F79EFBC}") = "Rene Example", "Rene Example.csproj", "{6B69C6B0-9D75-4587-9825-5E7AE359FBBA}"
EndProject
Project("{FAE04EC0-301F-11D3-BF4B-00C04F79EFBC}") = "GeneticLib", "..\GeneticLib\GeneticLib.csproj", "{D856380C-93D6-4A07-B32A-9AB0BD67CF54}"
EndProject
Project("{FAE04EC0-301F-11D3-BF4B-00C04F79EFBC}") = "GeneticLib.Tests", "..\GeneticLib.Tests\GeneticLib.Tests.csproj", "{CC10FE8E-A330-472A-94F7-B82F7A921FE4}"
EndProject
Global
	GlobalSection(SolutionConfigurationPlatforms) = preSolution
		Debug|Any CPU = Debug|Any CPU
		Release|Any CPU = Release|Any CPU
	EndGlobalSection
	GlobalSection(ProjectConfigurationPlatforms) = postSolution
		{6B69C6B0-9D75-4587-9825-5E7AE359FBBA}.Debug|Any CPU.ActiveCfg = Debug|Any CPU
		{6B69C6B0-9D75-4587-9825-5E7AE359FBBA}.Debug|Any CPU.Build.0 = Debug|Any CPU
		{6B69C6B0-9D75-4587-9825-5E7AE359FBBA}.Release|Any CPU.ActiveCfg = Release|Any CPU
		{6B69C6B0-9D75-4587-9825-5E7AE359FBBA}.Release|Any CPU.Build.0 = Release|Any CPU
		{D856380C-93D6-4A07-B32A-9AB0BD67CF54}.Debug|Any CPU.ActiveCfg = Debug|Any CPU
		{D856380C-93D6-4A07-B32A-9AB0BD67CF54}.Debug|Any CPU.Build.0 = Debug|Any CPU
		{D856380C-93D6-4A07-B32A-9AB0BD67CF54}.Release|Any CPU.ActiveCfg = Release|Any CPU
		{D856380C-93D6-4A07-B32A-9AB0BD67CF54}.Release|Any CPU.Build.0 = Release|Any CPU
		{CC10FE8E-A330-472A-94F7-B82F7A921FE4}.Debug|Any CPU.ActiveCfg = Debug|Any CPU
		{CC10FE8E-A330-472A-94F7-B82F7A921FE4}.Debug|Any CPU.Build.0 = Debug|Any CPU
		{CC10FE8E-A330-472A-94F7-B82F7A921FE4}.Release|Any CPU.ActiveCfg = Release|Any CPU
		{CC10FE8E-A330-472A-94F7-B82F7A921FE4}.Release|Any CPU.Build.0 = Release|Any CPU
	EndGlobalSection
	GlobalSection(SolutionProperties) = preSolution
		HideSolutionNode = FALSE
	EndGlobalSection
	GlobalSection(ExtensibilityGlobals) = postSolution
		SolutionGuid = {9C892591-C24A-453A-B285-3C6EAA22C54C}
	EndGlobalSection
EndGlobal
